
Microsoft Visual Studio Solution File, Format Version 12.00
# Visual Studio Version 16
VisualStudioVersion = 25.0.1706.10
MinimumVisualStudioVersion = 10.0.40219.1
Project("{FAE04EC0-301F-11D3-BF4B-00C04F79EFBC}") = "FrontLahiyeBack", "FrontLahiyeBack\FrontLahiyeBack.csproj", "{4BA4689B-4344-4E56-99B4-31B860D36EBC}"
EndProject
Project("{FAE04EC0-301F-11D3-BF4B-00C04F79EFBC}") = "Data", "Data\Data.csproj", "{7014B2AB-04A8-40CD-A88B-98C6DC0D2B60}"
EndProject
Project("{FAE04EC0-301F-11D3-BF4B-00C04F79EFBC}") = "Core", "Core\Core.csproj", "{6045ACA0-A594-4827-BDE8-AD44441B972A}"
EndProject
Global
	GlobalSection(SolutionConfigurationPlatforms) = preSolution
		Debug|Any CPU = Debug|Any CPU
		Release|Any CPU = Release|Any CPU
	EndGlobalSection
	GlobalSection(ProjectConfigurationPlatforms) = postSolution
		{4BA4689B-4344-4E56-99B4-31B860D36EBC}.Debug|Any CPU.ActiveCfg = Debug|Any CPU
		{4BA4689B-4344-4E56-99B4-31B860D36EBC}.Debug|Any CPU.Build.0 = Debug|Any CPU
		{4BA4689B-4344-4E56-99B4-31B860D36EBC}.Release|Any CPU.ActiveCfg = Release|Any CPU
		{4BA4689B-4344-4E56-99B4-31B860D36EBC}.Release|Any CPU.Build.0 = Release|Any CPU
		{7014B2AB-04A8-40CD-A88B-98C6DC0D2B60}.Debug|Any CPU.ActiveCfg = Debug|Any CPU
		{7014B2AB-04A8-40CD-A88B-98C6DC0D2B60}.Debug|Any CPU.Build.0 = Debug|Any CPU
		{7014B2AB-04A8-40CD-A88B-98C6DC0D2B60}.Release|Any CPU.ActiveCfg = Release|Any CPU
		{7014B2AB-04A8-40CD-A88B-98C6DC0D2B60}.Release|Any CPU.Build.0 = Release|Any CPU
		{6045ACA0-A594-4827-BDE8-AD44441B972A}.Debug|Any CPU.ActiveCfg = Debug|Any CPU
		{6045ACA0-A594-4827-BDE8-AD44441B972A}.Debug|Any CPU.Build.0 = Debug|Any CPU
		{6045ACA0-A594-4827-BDE8-AD44441B972A}.Release|Any CPU.ActiveCfg = Release|Any CPU
		{6045ACA0-A594-4827-BDE8-AD44441B972A}.Release|Any CPU.Build.0 = Release|Any CPU
	EndGlobalSection
	GlobalSection(SolutionProperties) = preSolution
		HideSolutionNode = FALSE
	EndGlobalSection
	GlobalSection(ExtensibilityGlobals) = postSolution
		SolutionGuid = {30469CEF-0231-45F6-B1E2-48787110086B}
	EndGlobalSection
EndGlobal
